
Microsoft Visual Studio Solution File, Format Version 12.00
# Visual Studio Version 16
VisualStudioVersion = 16.0.31205.134
MinimumVisualStudioVersion = 10.0.40219.1
Project("{2150E333-8FDC-42A3-9474-1A3956D46DE8}") = "Services", "Services", "{8257999A-7347-4CA9-9191-2A63654F1111}"
EndProject
Project("{2150E333-8FDC-42A3-9474-1A3956D46DE8}") = "Catalog", "Catalog", "{1406A320-4A2E-4054-ABD1-DA04BB0DCDC9}"
EndProject
Project("{9A19103F-16F7-4668-BE54-9A1E7A4F7556}") = "Catalog.Api", "Services\Catalog\Catalog.Api\Catalog.Api.csproj", "{6B916F8C-2FA9-4C2A-B9BB-607319E19815}"
EndProject
Project("{E53339B2-1760-4266-BCC7-CA923CBCF16C}") = "docker-compose", "docker-compose.dcproj", "{54AD4D4B-EE1F-4553-8419-F921204ED622}"
EndProject
Project("{2150E333-8FDC-42A3-9474-1A3956D46DE8}") = "Basket", "Basket", "{0A067D27-7F07-42E5-BB51-E848385932F1}"
EndProject
Project("{9A19103F-16F7-4668-BE54-9A1E7A4F7556}") = "Basket.Api", "Services\Basket\Basket.Api\Basket.Api.csproj", "{DC8C7910-4CD1-4789-9F0F-90DDE0D98AC0}"
EndProject
Project("{2150E333-8FDC-42A3-9474-1A3956D46DE8}") = "Discount", "Discount", "{5747E2A1-77DE-4DB7-A653-AC9522E06148}"
EndProject
Project("{9A19103F-16F7-4668-BE54-9A1E7A4F7556}") = "Discount.Api", "Services\Discount\Discount.Api\Discount.Api.csproj", "{612E3D5F-D1B9-47BB-AAD5-D98CCC62A418}"
EndProject
Project("{9A19103F-16F7-4668-BE54-9A1E7A4F7556}") = "Discount.Grpc", "Services\Discount\Discount.Grpc\Discount.Grpc.csproj", "{F3794BCB-4BD8-42CE-9523-2363EC61D185}"
EndProject
Project("{2150E333-8FDC-42A3-9474-1A3956D46DE8}") = "Ordering", "Ordering", "{4F2E4B0B-2543-4D6C-A5A2-2370865F6030}"
EndProject
Project("{9A19103F-16F7-4668-BE54-9A1E7A4F7556}") = "Ordering.Api", "Services\Ordering\Ordering.Api\Ordering.Api.csproj", "{94A0C6CB-3757-4D11-8D33-B9A76D3D22B6}"
EndProject
Project("{9A19103F-16F7-4668-BE54-9A1E7A4F7556}") = "Ordering.Application", "Services\Ordering\Ordering.Application\Ordering.Application.csproj", "{B5049CA9-F15A-499E-9913-7A94A4292847}"
EndProject
Project("{9A19103F-16F7-4668-BE54-9A1E7A4F7556}") = "Ordering.Domain", "Services\Ordering\Ordering.Domain\Ordering.Domain.csproj", "{1EFB17DD-C6EE-4F47-8D09-3079E883C144}"
EndProject
Project("{9A19103F-16F7-4668-BE54-9A1E7A4F7556}") = "Ordering.Infrastruture", "Services\Ordering\Ordering.Infrastruture\Ordering.Infrastruture.csproj", "{D86FB88B-2B3F-45F1-9BFE-0984B2F14861}"
EndProject
Project("{2150E333-8FDC-42A3-9474-1A3956D46DE8}") = "BuidingBlocks", "BuidingBlocks", "{30A8E713-CFD3-41B5-86A6-F65A8FBBEF11}"
EndProject
Project("{9A19103F-16F7-4668-BE54-9A1E7A4F7556}") = "EventBus.Messages", "BuidingBlocks\EventBus.Messages\EventBus.Messages.csproj", "{AB52ED7A-6A18-43EE-A5A6-870AE6C93683}"
EndProject
Project("{2150E333-8FDC-42A3-9474-1A3956D46DE8}") = "ApiGateway", "ApiGateway", "{50311FCB-1A03-4890-95F4-0A72988F43F0}"
EndProject
Project("{FAE04EC0-301F-11D3-BF4B-00C04F79EFBC}") = "OcletApiGW", "ApiGateway\OcletApiGW\OcletApiGW.csproj", "{80AC777F-732D-4A37-AC1F-4FB441565965}"
EndProject
Global
	GlobalSection(SolutionConfigurationPlatforms) = preSolution
		Debug|Any CPU = Debug|Any CPU
		Release|Any CPU = Release|Any CPU
	EndGlobalSection
	GlobalSection(ProjectConfigurationPlatforms) = postSolution
		{6B916F8C-2FA9-4C2A-B9BB-607319E19815}.Debug|Any CPU.ActiveCfg = Debug|Any CPU
		{6B916F8C-2FA9-4C2A-B9BB-607319E19815}.Debug|Any CPU.Build.0 = Debug|Any CPU
		{6B916F8C-2FA9-4C2A-B9BB-607319E19815}.Release|Any CPU.ActiveCfg = Release|Any CPU
		{6B916F8C-2FA9-4C2A-B9BB-607319E19815}.Release|Any CPU.Build.0 = Release|Any CPU
		{54AD4D4B-EE1F-4553-8419-F921204ED622}.Debug|Any CPU.ActiveCfg = Debug|Any CPU
		{54AD4D4B-EE1F-4553-8419-F921204ED622}.Debug|Any CPU.Build.0 = Debug|Any CPU
		{54AD4D4B-EE1F-4553-8419-F921204ED622}.Release|Any CPU.ActiveCfg = Release|Any CPU
		{54AD4D4B-EE1F-4553-8419-F921204ED622}.Release|Any CPU.Build.0 = Release|Any CPU
		{DC8C7910-4CD1-4789-9F0F-90DDE0D98AC0}.Debug|Any CPU.ActiveCfg = Debug|Any CPU
		{DC8C7910-4CD1-4789-9F0F-90DDE0D98AC0}.Debug|Any CPU.Build.0 = Debug|Any CPU
		{DC8C7910-4CD1-4789-9F0F-90DDE0D98AC0}.Release|Any CPU.ActiveCfg = Release|Any CPU
		{DC8C7910-4CD1-4789-9F0F-90DDE0D98AC0}.Release|Any CPU.Build.0 = Release|Any CPU
		{612E3D5F-D1B9-47BB-AAD5-D98CCC62A418}.Debug|Any CPU.ActiveCfg = Debug|Any CPU
		{612E3D5F-D1B9-47BB-AAD5-D98CCC62A418}.Debug|Any CPU.Build.0 = Debug|Any CPU
		{612E3D5F-D1B9-47BB-AAD5-D98CCC62A418}.Release|Any CPU.ActiveCfg = Release|Any CPU
		{612E3D5F-D1B9-47BB-AAD5-D98CCC62A418}.Release|Any CPU.Build.0 = Release|Any CPU
		{F3794BCB-4BD8-42CE-9523-2363EC61D185}.Debug|Any CPU.ActiveCfg = Debug|Any CPU
		{F3794BCB-4BD8-42CE-9523-2363EC61D185}.Debug|Any CPU.Build.0 = Debug|Any CPU
		{F3794BCB-4BD8-42CE-9523-2363EC61D185}.Release|Any CPU.ActiveCfg = Release|Any CPU
		{F3794BCB-4BD8-42CE-9523-2363EC61D185}.Release|Any CPU.Build.0 = Release|Any CPU
		{94A0C6CB-3757-4D11-8D33-B9A76D3D22B6}.Debug|Any CPU.ActiveCfg = Debug|Any CPU
		{94A0C6CB-3757-4D11-8D33-B9A76D3D22B6}.Debug|Any CPU.Build.0 = Debug|Any CPU
		{94A0C6CB-3757-4D11-8D33-B9A76D3D22B6}.Release|Any CPU.ActiveCfg = Release|Any CPU
		{94A0C6CB-3757-4D11-8D33-B9A76D3D22B6}.Release|Any CPU.Build.0 = Release|Any CPU
		{B5049CA9-F15A-499E-9913-7A94A4292847}.Debug|Any CPU.ActiveCfg = Debug|Any CPU
		{B5049CA9-F15A-499E-9913-7A94A4292847}.Debug|Any CPU.Build.0 = Debug|Any CPU
		{B5049CA9-F15A-499E-9913-7A94A4292847}.Release|Any CPU.ActiveCfg = Release|Any CPU
		{B5049CA9-F15A-499E-9913-7A94A4292847}.Release|Any CPU.Build.0 = Release|Any CPU
		{1EFB17DD-C6EE-4F47-8D09-3079E883C144}.Debug|Any CPU.ActiveCfg = Debug|Any CPU
		{1EFB17DD-C6EE-4F47-8D09-3079E883C144}.Debug|Any CPU.Build.0 = Debug|Any CPU
		{1EFB17DD-C6EE-4F47-8D09-3079E883C144}.Release|Any CPU.ActiveCfg = Release|Any CPU
		{1EFB17DD-C6EE-4F47-8D09-3079E883C144}.Release|Any CPU.Build.0 = Release|Any CPU
		{D86FB88B-2B3F-45F1-9BFE-0984B2F14861}.Debug|Any CPU.ActiveCfg = Debug|Any CPU
		{D86FB88B-2B3F-45F1-9BFE-0984B2F14861}.Debug|Any CPU.Build.0 = Debug|Any CPU
		{D86FB88B-2B3F-45F1-9BFE-0984B2F14861}.Release|Any CPU.ActiveCfg = Release|Any CPU
		{D86FB88B-2B3F-45F1-9BFE-0984B2F14861}.Release|Any CPU.Build.0 = Release|Any CPU
		{AB52ED7A-6A18-43EE-A5A6-870AE6C93683}.Debug|Any CPU.ActiveCfg = Debug|Any CPU
		{AB52ED7A-6A18-43EE-A5A6-870AE6C93683}.Debug|Any CPU.Build.0 = Debug|Any CPU
		{AB52ED7A-6A18-43EE-A5A6-870AE6C93683}.Release|Any CPU.ActiveCfg = Release|Any CPU
		{AB52ED7A-6A18-43EE-A5A6-870AE6C93683}.Release|Any CPU.Build.0 = Release|Any CPU
		{80AC777F-732D-4A37-AC1F-4FB441565965}.Debug|Any CPU.ActiveCfg = Debug|Any CPU
		{80AC777F-732D-4A37-AC1F-4FB441565965}.Debug|Any CPU.Build.0 = Debug|Any CPU
		{80AC777F-732D-4A37-AC1F-4FB441565965}.Release|Any CPU.ActiveCfg = Release|Any CPU
		{80AC777F-732D-4A37-AC1F-4FB441565965}.Release|Any CPU.Build.0 = Release|Any CPU
	EndGlobalSection
	GlobalSection(SolutionProperties) = preSolution
		HideSolutionNode = FALSE
	EndGlobalSection
	GlobalSection(NestedProjects) = preSolution
		{1406A320-4A2E-4054-ABD1-DA04BB0DCDC9} = {8257999A-7347-4CA9-9191-2A63654F1111}
		{6B916F8C-2FA9-4C2A-B9BB-607319E19815} = {1406A320-4A2E-4054-ABD1-DA04BB0DCDC9}
		{0A067D27-7F07-42E5-BB51-E848385932F1} = {8257999A-7347-4CA9-9191-2A63654F1111}
		{DC8C7910-4CD1-4789-9F0F-90DDE0D98AC0} = {0A067D27-7F07-42E5-BB51-E848385932F1}
		{5747E2A1-77DE-4DB7-A653-AC9522E06148} = {8257999A-7347-4CA9-9191-2A63654F1111}
		{612E3D5F-D1B9-47BB-AAD5-D98CCC62A418} = {5747E2A1-77DE-4DB7-A653-AC9522E06148}
		{F3794BCB-4BD8-42CE-9523-2363EC61D185} = {5747E2A1-77DE-4DB7-A653-AC9522E06148}
		{4F2E4B0B-2543-4D6C-A5A2-2370865F6030} = {8257999A-7347-4CA9-9191-2A63654F1111}
		{94A0C6CB-3757-4D11-8D33-B9A76D3D22B6} = {4F2E4B0B-2543-4D6C-A5A2-2370865F6030}
		{B5049CA9-F15A-499E-9913-7A94A4292847} = {4F2E4B0B-2543-4D6C-A5A2-2370865F6030}
		{1EFB17DD-C6EE-4F47-8D09-3079E883C144} = {4F2E4B0B-2543-4D6C-A5A2-2370865F6030}
		{D86FB88B-2B3F-45F1-9BFE-0984B2F14861} = {4F2E4B0B-2543-4D6C-A5A2-2370865F6030}
		{AB52ED7A-6A18-43EE-A5A6-870AE6C93683} = {30A8E713-CFD3-41B5-86A6-F65A8FBBEF11}
		{80AC777F-732D-4A37-AC1F-4FB441565965} = {50311FCB-1A03-4890-95F4-0A72988F43F0}
	EndGlobalSection
	GlobalSection(ExtensibilityGlobals) = postSolution
		SolutionGuid = {EFD75620-1109-4119-92D9-91FCDC632E43}
	EndGlobalSection
EndGlobal
